
Microsoft Visual Studio Solution File, Format Version 12.00
# Visual Studio Version 17
VisualStudioVersion = 17.13.35931.197 d17.13
MinimumVisualStudioVersion = 10.0.40219.1
Project("{FAE04EC0-301F-11D3-BF4B-00C04F79EFBC}") = "LeetCode", "LeetCode\LeetCode.csproj", "{0451EB10-9082-4FF7-81BE-45BC0BF42767}"
EndProject
Global
	GlobalSection(SolutionConfigurationPlatforms) = preSolution
		Debug|Any CPU = Debug|Any CPU
		Release|Any CPU = Release|Any CPU
	EndGlobalSection
	GlobalSection(ProjectConfigurationPlatforms) = postSolution
		{0451EB10-9082-4FF7-81BE-45BC0BF42767}.Debug|Any CPU.ActiveCfg = Debug|Any CPU
		{0451EB10-9082-4FF7-81BE-45BC0BF42767}.Debug|Any CPU.Build.0 = Debug|Any CPU
		{0451EB10-9082-4FF7-81BE-45BC0BF42767}.Release|Any CPU.ActiveCfg = Release|Any CPU
		{0451EB10-9082-4FF7-81BE-45BC0BF42767}.Release|Any CPU.Build.0 = Release|Any CPU
	EndGlobalSection
	GlobalSection(SolutionProperties) = preSolution
		HideSolutionNode = FALSE
	EndGlobalSection
	GlobalSection(ExtensibilityGlobals) = postSolution
		SolutionGuid = {E92739DE-8EFC-4907-B54C-6D7DF031698D}
	EndGlobalSection
EndGlobal
